
Microsoft Visual Studio Solution File, Format Version 12.00
# Visual Studio Version 17
VisualStudioVersion = 17.5.33424.131
MinimumVisualStudioVersion = 10.0.40219.1
Project("{FAE04EC0-301F-11D3-BF4B-00C04F79EFBC}") = "Tabuada", "Tabuada\Tabuada.csproj", "{BBCDA8A4-CFD4-4750-8719-B591A5D53B26}"
EndProject
Global
	GlobalSection(SolutionConfigurationPlatforms) = preSolution
		Debug|Any CPU = Debug|Any CPU
		Release|Any CPU = Release|Any CPU
	EndGlobalSection
	GlobalSection(ProjectConfigurationPlatforms) = postSolution
		{BBCDA8A4-CFD4-4750-8719-B591A5D53B26}.Debug|Any CPU.ActiveCfg = Debug|Any CPU
		{BBCDA8A4-CFD4-4750-8719-B591A5D53B26}.Debug|Any CPU.Build.0 = Debug|Any CPU
		{BBCDA8A4-CFD4-4750-8719-B591A5D53B26}.Release|Any CPU.ActiveCfg = Release|Any CPU
		{BBCDA8A4-CFD4-4750-8719-B591A5D53B26}.Release|Any CPU.Build.0 = Release|Any CPU
	EndGlobalSection
	GlobalSection(SolutionProperties) = preSolution
		HideSolutionNode = FALSE
	EndGlobalSection
	GlobalSection(ExtensibilityGlobals) = postSolution
		SolutionGuid = {A85CF70A-5E2F-43EB-B657-DC5BC378D77F}
	EndGlobalSection
EndGlobal
